
Microsoft Visual Studio Solution File, Format Version 12.00
# Visual Studio Version 17
VisualStudioVersion = 17.8.34525.116
MinimumVisualStudioVersion = 10.0.40219.1
Project("{FAE04EC0-301F-11D3-BF4B-00C04F79EFBC}") = "Queue", "Queue.csproj", "{CC8B3105-49B4-453E-AC77-3F71EEAD3C43}"
EndProject
Global
	GlobalSection(SolutionConfigurationPlatforms) = preSolution
		Debug|Any CPU = Debug|Any CPU
		Release|Any CPU = Release|Any CPU
	EndGlobalSection
	GlobalSection(ProjectConfigurationPlatforms) = postSolution
		{CC8B3105-49B4-453E-AC77-3F71EEAD3C43}.Debug|Any CPU.ActiveCfg = Debug|Any CPU
		{CC8B3105-49B4-453E-AC77-3F71EEAD3C43}.Debug|Any CPU.Build.0 = Debug|Any CPU
		{CC8B3105-49B4-453E-AC77-3F71EEAD3C43}.Release|Any CPU.ActiveCfg = Release|Any CPU
		{CC8B3105-49B4-453E-AC77-3F71EEAD3C43}.Release|Any CPU.Build.0 = Release|Any CPU
	EndGlobalSection
	GlobalSection(SolutionProperties) = preSolution
		HideSolutionNode = FALSE
	EndGlobalSection
	GlobalSection(ExtensibilityGlobals) = postSolution
		SolutionGuid = {C07BCCCF-A52B-4E2C-B1A4-9A21E50F2AC1}
	EndGlobalSection
EndGlobal
