
Microsoft Visual Studio Solution File, Format Version 12.00
# Visual Studio Version 17
VisualStudioVersion = 17.8.34525.116
MinimumVisualStudioVersion = 10.0.40219.1
Project("{FAE04EC0-301F-11D3-BF4B-00C04F79EFBC}") = "Stack", "Stack.csproj", "{95DBD4C5-0C9B-4C23-B705-61E419BB028E}"
EndProject
Global
	GlobalSection(SolutionConfigurationPlatforms) = preSolution
		Debug|Any CPU = Debug|Any CPU
		Release|Any CPU = Release|Any CPU
	EndGlobalSection
	GlobalSection(ProjectConfigurationPlatforms) = postSolution
		{95DBD4C5-0C9B-4C23-B705-61E419BB028E}.Debug|Any CPU.ActiveCfg = Debug|Any CPU
		{95DBD4C5-0C9B-4C23-B705-61E419BB028E}.Debug|Any CPU.Build.0 = Debug|Any CPU
		{95DBD4C5-0C9B-4C23-B705-61E419BB028E}.Release|Any CPU.ActiveCfg = Release|Any CPU
		{95DBD4C5-0C9B-4C23-B705-61E419BB028E}.Release|Any CPU.Build.0 = Release|Any CPU
	EndGlobalSection
	GlobalSection(SolutionProperties) = preSolution
		HideSolutionNode = FALSE
	EndGlobalSection
	GlobalSection(ExtensibilityGlobals) = postSolution
		SolutionGuid = {31B53563-1319-4715-B0F8-23E1C868DE5C}
	EndGlobalSection
EndGlobal
