
Microsoft Visual Studio Solution File, Format Version 12.00
# Visual Studio Version 17
VisualStudioVersion = 17.11.35431.28
MinimumVisualStudioVersion = 10.0.40219.1
Project("{FAE04EC0-301F-11D3-BF4B-00C04F79EFBC}") = "BubbleSort", "BubbleSort\BubbleSort.csproj", "{23B5F03C-229B-4193-8A19-9432F31C2A8D}"
EndProject
Global
	GlobalSection(SolutionConfigurationPlatforms) = preSolution
		Debug|Any CPU = Debug|Any CPU
		Release|Any CPU = Release|Any CPU
	EndGlobalSection
	GlobalSection(ProjectConfigurationPlatforms) = postSolution
		{23B5F03C-229B-4193-8A19-9432F31C2A8D}.Debug|Any CPU.ActiveCfg = Debug|Any CPU
		{23B5F03C-229B-4193-8A19-9432F31C2A8D}.Debug|Any CPU.Build.0 = Debug|Any CPU
		{23B5F03C-229B-4193-8A19-9432F31C2A8D}.Release|Any CPU.ActiveCfg = Release|Any CPU
		{23B5F03C-229B-4193-8A19-9432F31C2A8D}.Release|Any CPU.Build.0 = Release|Any CPU
	EndGlobalSection
	GlobalSection(SolutionProperties) = preSolution
		HideSolutionNode = FALSE
	EndGlobalSection
	GlobalSection(ExtensibilityGlobals) = postSolution
		SolutionGuid = {2455B5ED-6518-40A3-BA62-3071EDBBBE48}
	EndGlobalSection
EndGlobal
