
Microsoft Visual Studio Solution File, Format Version 12.00
# Visual Studio Version 17
VisualStudioVersion = 17.8.34525.116
MinimumVisualStudioVersion = 10.0.40219.1
Project("{FAE04EC0-301F-11D3-BF4B-00C04F79EFBC}") = "RecursiveFibonacci", "RecursiveFibonacci.csproj", "{0B660451-6D54-46CB-8E08-34B2F4BB696F}"
EndProject
Global
	GlobalSection(SolutionConfigurationPlatforms) = preSolution
		Debug|Any CPU = Debug|Any CPU
		Release|Any CPU = Release|Any CPU
	EndGlobalSection
	GlobalSection(ProjectConfigurationPlatforms) = postSolution
		{0B660451-6D54-46CB-8E08-34B2F4BB696F}.Debug|Any CPU.ActiveCfg = Debug|Any CPU
		{0B660451-6D54-46CB-8E08-34B2F4BB696F}.Debug|Any CPU.Build.0 = Debug|Any CPU
		{0B660451-6D54-46CB-8E08-34B2F4BB696F}.Release|Any CPU.ActiveCfg = Release|Any CPU
		{0B660451-6D54-46CB-8E08-34B2F4BB696F}.Release|Any CPU.Build.0 = Release|Any CPU
	EndGlobalSection
	GlobalSection(SolutionProperties) = preSolution
		HideSolutionNode = FALSE
	EndGlobalSection
	GlobalSection(ExtensibilityGlobals) = postSolution
		SolutionGuid = {587CB19B-63B3-4701-A7AC-33E2515B67BB}
	EndGlobalSection
EndGlobal
